
Microsoft Visual Studio Solution File, Format Version 12.00
# Visual Studio Version 17
VisualStudioVersion = 17.14.35906.104 d17.14
MinimumVisualStudioVersion = 10.0.40219.1
Project("{FAE04EC0-301F-11D3-BF4B-00C04F79EFBC}") = "FraTEst", "FraTEst\FraTEst.csproj", "{B4FEA6FB-1304-43AA-A1AA-99EFB7A7B193}"
EndProject
Global
	GlobalSection(SolutionConfigurationPlatforms) = preSolution
		Debug|Any CPU = Debug|Any CPU
		Release|Any CPU = Release|Any CPU
	EndGlobalSection
	GlobalSection(ProjectConfigurationPlatforms) = postSolution
		{B4FEA6FB-1304-43AA-A1AA-99EFB7A7B193}.Debug|Any CPU.ActiveCfg = Debug|Any CPU
		{B4FEA6FB-1304-43AA-A1AA-99EFB7A7B193}.Debug|Any CPU.Build.0 = Debug|Any CPU
		{B4FEA6FB-1304-43AA-A1AA-99EFB7A7B193}.Release|Any CPU.ActiveCfg = Release|Any CPU
		{B4FEA6FB-1304-43AA-A1AA-99EFB7A7B193}.Release|Any CPU.Build.0 = Release|Any CPU
	EndGlobalSection
	GlobalSection(SolutionProperties) = preSolution
		HideSolutionNode = FALSE
	EndGlobalSection
	GlobalSection(ExtensibilityGlobals) = postSolution
		SolutionGuid = {4D10987C-D8C4-49D9-8F1D-BC55E1F3C3FD}
	EndGlobalSection
EndGlobal
